
Microsoft Visual Studio Solution File, Format Version 12.00
# Visual Studio Version 17
VisualStudioVersion = 17.8.34112.27
MinimumVisualStudioVersion = 10.0.40219.1
Project("{2150E333-8FDC-42A3-9474-1A3956D46DE8}") = "src", "src", "{D4BDCFA9-1B0D-49F6-BFFF-E90BC0781417}"
EndProject
Project("{2150E333-8FDC-42A3-9474-1A3956D46DE8}") = "assets", "assets", "{55BA7C7A-C7A2-4B89-B761-F6871E2FBE20}"
	ProjectSection(SolutionItems) = preProject
		.editorconfig = .editorconfig
		.gitignore = .gitignore
		azure-pipelines.yml = azure-pipelines.yml
		Directory.Build.props = Directory.Build.props
		Directory.Packages.props = Directory.Packages.props
		docker-compose.yml = docker-compose.yml
		global.json = global.json
		nuget.config = nuget.config
		README.md = README.md
	EndProjectSection
EndProject
Project("{2150E333-8FDC-42A3-9474-1A3956D46DE8}") = "Modules", "Modules", "{0E683C2F-04E7-4A0A-8DAA-6C73BCB449FA}"
EndProject
Project("{2150E333-8FDC-42A3-9474-1A3956D46DE8}") = "Catalog", "Catalog", "{AB168F93-5260-4A16-BE59-598E3E09DF06}"
EndProject
Project("{2150E333-8FDC-42A3-9474-1A3956D46DE8}") = "assets", "assets", "{B830E31D-7101-4F99-BF42-1FF976659D09}"
	ProjectSection(SolutionItems) = preProject
		src\Modules\Catalog\Catalog-API.http = src\Modules\Catalog\Catalog-API.http
		src\Modules\Catalog\Catalog-Domain-Overview.drawio.png = src\Modules\Catalog\Catalog-Domain-Overview.drawio.png
		src\Modules\Catalog\Catalog-README.md = src\Modules\Catalog\Catalog-README.md
	EndProjectSection
EndProject
Project("{2150E333-8FDC-42A3-9474-1A3956D46DE8}") = "tests", "tests", "{6E6D2EC4-A40D-4312-BCA2-9BC08B51085B}"
EndProject
Project("{9A19103F-16F7-4668-BE54-9A1E7A4F7556}") = "Catalog.Application", "src\Modules\Catalog\Catalog.Application\Catalog.Application.csproj", "{015C61D7-93C4-4689-A952-C13322166086}"
EndProject
Project("{9A19103F-16F7-4668-BE54-9A1E7A4F7556}") = "Catalog.Infrastructure", "src\Modules\Catalog\Catalog.Infrastructure\Catalog.Infrastructure.csproj", "{ACE657F4-A661-4C21-8DC7-1B8E5139FD00}"
EndProject
Project("{9A19103F-16F7-4668-BE54-9A1E7A4F7556}") = "Catalog.Presentation", "src\Modules\Catalog\Catalog.Presentation\Catalog.Presentation.csproj", "{929E128A-827B-4DE1-82AF-9B797BF801B2}"
EndProject
Project("{9A19103F-16F7-4668-BE54-9A1E7A4F7556}") = "Catalog.IntegrationTests", "src\Modules\Catalog\Catalog.IntegrationTests\Catalog.IntegrationTests.csproj", "{433723CC-6F7D-4C79-BE4F-B98D1B5A27E7}"
EndProject
Project("{9A19103F-16F7-4668-BE54-9A1E7A4F7556}") = "Catalog.UnitTests", "src\Modules\Catalog\Catalog.UnitTests\Catalog.UnitTests.csproj", "{D5496E30-F436-451D-BFAB-FD24B7ABEFB2}"
EndProject
Project("{9A19103F-16F7-4668-BE54-9A1E7A4F7556}") = "Catalog.Domain", "src\Modules\Catalog\Catalog.Domain\Catalog.Domain.csproj", "{B1AA3C14-05AC-41DC-B01A-112437915F68}"
EndProject
Project("{2150E333-8FDC-42A3-9474-1A3956D46DE8}") = "SharedKernel", "SharedKernel", "{8240E754-F982-4B71-B156-8AB14A6415BC}"
EndProject
Project("{9A19103F-16F7-4668-BE54-9A1E7A4F7556}") = "SharedKernel.Domain", "src\SharedKernel\SharedKernel.Domain\SharedKernel.Domain.csproj", "{C96E335B-6640-4D1D-9358-DCE9EC43F169}"
EndProject
Project("{2150E333-8FDC-42A3-9474-1A3956D46DE8}") = "Organization", "Organization", "{28DBD25A-F943-4441-8EB3-ABFF713E1D6E}"
EndProject
Project("{9A19103F-16F7-4668-BE54-9A1E7A4F7556}") = "Presentation.Web.Client", "src\Presentation.Web.Client\Presentation.Web.Client.csproj", "{66D5592D-F4FA-4B14-AC42-16AAD063EE0C}"
EndProject
Project("{9A19103F-16F7-4668-BE54-9A1E7A4F7556}") = "Presentation.Web.Server", "src\Presentation.Web.Server\Presentation.Web.Server.csproj", "{8E8F1A55-B3C6-4A46-93A1-51E2F7514A24}"
EndProject
Project("{9A19103F-16F7-4668-BE54-9A1E7A4F7556}") = "Catalog.Application.Contracts", "src\Modules\Catalog\Catalog.Application.Contracts\Catalog.Application.Contracts.csproj", "{8324441C-B0E1-465A-9026-391CDAF8FF03}"
EndProject
Project("{2150E333-8FDC-42A3-9474-1A3956D46DE8}") = "tests", "tests", "{92B88191-636E-4822-9D21-9A77EB777621}"
EndProject
Project("{2150E333-8FDC-42A3-9474-1A3956D46DE8}") = "assets", "assets", "{0148A916-4A7F-4DB7-9CED-8B5AD355037E}"
	ProjectSection(SolutionItems) = preProject
		src\Modules\Organization\Organization-API.http = src\Modules\Organization\Organization-API.http
		src\Modules\Organization\Organization-Domain-Overview.drawio.png = src\Modules\Organization\Organization-Domain-Overview.drawio.png
		src\Modules\Organization\Organization-README.md = src\Modules\Organization\Organization-README.md
	EndProjectSection
EndProject
Project("{9A19103F-16F7-4668-BE54-9A1E7A4F7556}") = "Organization.IntegrationTests", "src\Modules\Organization\Organization.IntegrationTests\Organization.IntegrationTests.csproj", "{3AD0D956-0458-4953-9A48-2B2FFD4435B8}"
EndProject
Project("{9A19103F-16F7-4668-BE54-9A1E7A4F7556}") = "Organization.UnitTests", "src\Modules\Organization\Organization.UnitTests\Organization.UnitTests.csproj", "{E3F1FFDB-6CFD-4E22-9D70-25C8228F5D7C}"
EndProject
Project("{9A19103F-16F7-4668-BE54-9A1E7A4F7556}") = "Organization.Application", "src\Modules\Organization\Organization.Application\Organization.Application.csproj", "{C12DA388-7A2A-41AB-9647-1D0FF6ED8BBF}"
EndProject
Project("{9A19103F-16F7-4668-BE54-9A1E7A4F7556}") = "Organization.Application.Contracts", "src\Modules\Organization\Organization.Application.Contracts\Organization.Application.Contracts.csproj", "{FBA20A74-E0C7-49E9-AC7E-DA1B4C7625E2}"
EndProject
Project("{9A19103F-16F7-4668-BE54-9A1E7A4F7556}") = "Organization.Domain", "src\Modules\Organization\Organization.Domain\Organization.Domain.csproj", "{FB9964D0-97A9-4161-A5FD-A86EBC26BE6A}"
EndProject
Project("{9A19103F-16F7-4668-BE54-9A1E7A4F7556}") = "Organization.Presentation", "src\Modules\Organization\Organization.Presentation\Organization.Presentation.csproj", "{386E89E1-E100-484D-9319-8DA7640676E3}"
EndProject
Project("{9A19103F-16F7-4668-BE54-9A1E7A4F7556}") = "Organization.Infrastructure", "src\Modules\Organization\Organization.Infrastructure\Organization.Infrastructure.csproj", "{384AFB5C-69D5-4FFF-A892-0FAE90C8CF1B}"
EndProject
Project("{9A19103F-16F7-4668-BE54-9A1E7A4F7556}") = "SharedKernel.Application.Contracts", "src\SharedKernel\SharedKernel.Application.Contracts\SharedKernel.Application.Contracts.csproj", "{1BF47A62-06C9-4D9A-BC0F-29591FCAAF3C}"
EndProject
Project("{2150E333-8FDC-42A3-9474-1A3956D46DE8}") = "tests", "tests", "{363AD0A0-240D-46A4-9CC2-522AA3A9105E}"
EndProject
Project("{9A19103F-16F7-4668-BE54-9A1E7A4F7556}") = "SharedKernel.UnitTests", "src\SharedKernel\SharedKernel.UnitTests\SharedKernel.UnitTests.csproj", "{90E8DCB6-72C2-4027-B3D9-07BFA0F4FFB7}"
EndProject
Project("{2150E333-8FDC-42A3-9474-1A3956D46DE8}") = "assets", "assets", "{0F793592-51AD-40A3-A3F8-3D27098DDA5E}"
	ProjectSection(SolutionItems) = preProject
		src\SharedKernel\SharedKernel-README.md = src\SharedKernel\SharedKernel-README.md
	EndProjectSection
EndProject
Project("{9A19103F-16F7-4668-BE54-9A1E7A4F7556}") = "SharedKernel.Infrastructure", "src\SharedKernel\SharedKernel.Infrastructure\SharedKernel.Infrastructure.csproj", "{45755467-8A1D-409A-BF31-F82D10C68C6E}"
EndProject
Global
	GlobalSection(SolutionConfigurationPlatforms) = preSolution
		Debug|Any CPU = Debug|Any CPU
		Release|Any CPU = Release|Any CPU
	EndGlobalSection
	GlobalSection(ProjectConfigurationPlatforms) = postSolution
		{015C61D7-93C4-4689-A952-C13322166086}.Debug|Any CPU.ActiveCfg = Debug|Any CPU
		{015C61D7-93C4-4689-A952-C13322166086}.Debug|Any CPU.Build.0 = Debug|Any CPU
		{015C61D7-93C4-4689-A952-C13322166086}.Release|Any CPU.ActiveCfg = Release|Any CPU
		{015C61D7-93C4-4689-A952-C13322166086}.Release|Any CPU.Build.0 = Release|Any CPU
		{ACE657F4-A661-4C21-8DC7-1B8E5139FD00}.Debug|Any CPU.ActiveCfg = Debug|Any CPU
		{ACE657F4-A661-4C21-8DC7-1B8E5139FD00}.Debug|Any CPU.Build.0 = Debug|Any CPU
		{ACE657F4-A661-4C21-8DC7-1B8E5139FD00}.Release|Any CPU.ActiveCfg = Release|Any CPU
		{ACE657F4-A661-4C21-8DC7-1B8E5139FD00}.Release|Any CPU.Build.0 = Release|Any CPU
		{929E128A-827B-4DE1-82AF-9B797BF801B2}.Debug|Any CPU.ActiveCfg = Debug|Any CPU
		{929E128A-827B-4DE1-82AF-9B797BF801B2}.Debug|Any CPU.Build.0 = Debug|Any CPU
		{929E128A-827B-4DE1-82AF-9B797BF801B2}.Release|Any CPU.ActiveCfg = Release|Any CPU
		{929E128A-827B-4DE1-82AF-9B797BF801B2}.Release|Any CPU.Build.0 = Release|Any CPU
		{433723CC-6F7D-4C79-BE4F-B98D1B5A27E7}.Debug|Any CPU.ActiveCfg = Debug|Any CPU
		{433723CC-6F7D-4C79-BE4F-B98D1B5A27E7}.Debug|Any CPU.Build.0 = Debug|Any CPU
		{433723CC-6F7D-4C79-BE4F-B98D1B5A27E7}.Release|Any CPU.ActiveCfg = Release|Any CPU
		{433723CC-6F7D-4C79-BE4F-B98D1B5A27E7}.Release|Any CPU.Build.0 = Release|Any CPU
		{D5496E30-F436-451D-BFAB-FD24B7ABEFB2}.Debug|Any CPU.ActiveCfg = Debug|Any CPU
		{D5496E30-F436-451D-BFAB-FD24B7ABEFB2}.Debug|Any CPU.Build.0 = Debug|Any CPU
		{D5496E30-F436-451D-BFAB-FD24B7ABEFB2}.Release|Any CPU.ActiveCfg = Release|Any CPU
		{D5496E30-F436-451D-BFAB-FD24B7ABEFB2}.Release|Any CPU.Build.0 = Release|Any CPU
		{B1AA3C14-05AC-41DC-B01A-112437915F68}.Debug|Any CPU.ActiveCfg = Debug|Any CPU
		{B1AA3C14-05AC-41DC-B01A-112437915F68}.Debug|Any CPU.Build.0 = Debug|Any CPU
		{B1AA3C14-05AC-41DC-B01A-112437915F68}.Release|Any CPU.ActiveCfg = Release|Any CPU
		{B1AA3C14-05AC-41DC-B01A-112437915F68}.Release|Any CPU.Build.0 = Release|Any CPU
		{C96E335B-6640-4D1D-9358-DCE9EC43F169}.Debug|Any CPU.ActiveCfg = Debug|Any CPU
		{C96E335B-6640-4D1D-9358-DCE9EC43F169}.Debug|Any CPU.Build.0 = Debug|Any CPU
		{C96E335B-6640-4D1D-9358-DCE9EC43F169}.Release|Any CPU.ActiveCfg = Release|Any CPU
		{C96E335B-6640-4D1D-9358-DCE9EC43F169}.Release|Any CPU.Build.0 = Release|Any CPU
		{66D5592D-F4FA-4B14-AC42-16AAD063EE0C}.Debug|Any CPU.ActiveCfg = Debug|Any CPU
		{66D5592D-F4FA-4B14-AC42-16AAD063EE0C}.Debug|Any CPU.Build.0 = Debug|Any CPU
		{66D5592D-F4FA-4B14-AC42-16AAD063EE0C}.Release|Any CPU.ActiveCfg = Release|Any CPU
		{66D5592D-F4FA-4B14-AC42-16AAD063EE0C}.Release|Any CPU.Build.0 = Release|Any CPU
		{8E8F1A55-B3C6-4A46-93A1-51E2F7514A24}.Debug|Any CPU.ActiveCfg = Debug|Any CPU
		{8E8F1A55-B3C6-4A46-93A1-51E2F7514A24}.Debug|Any CPU.Build.0 = Debug|Any CPU
		{8E8F1A55-B3C6-4A46-93A1-51E2F7514A24}.Release|Any CPU.ActiveCfg = Release|Any CPU
		{8E8F1A55-B3C6-4A46-93A1-51E2F7514A24}.Release|Any CPU.Build.0 = Release|Any CPU
		{8324441C-B0E1-465A-9026-391CDAF8FF03}.Debug|Any CPU.ActiveCfg = Debug|Any CPU
		{8324441C-B0E1-465A-9026-391CDAF8FF03}.Debug|Any CPU.Build.0 = Debug|Any CPU
		{8324441C-B0E1-465A-9026-391CDAF8FF03}.Release|Any CPU.ActiveCfg = Release|Any CPU
		{8324441C-B0E1-465A-9026-391CDAF8FF03}.Release|Any CPU.Build.0 = Release|Any CPU
		{3AD0D956-0458-4953-9A48-2B2FFD4435B8}.Debug|Any CPU.ActiveCfg = Debug|Any CPU
		{3AD0D956-0458-4953-9A48-2B2FFD4435B8}.Debug|Any CPU.Build.0 = Debug|Any CPU
		{3AD0D956-0458-4953-9A48-2B2FFD4435B8}.Release|Any CPU.ActiveCfg = Release|Any CPU
		{3AD0D956-0458-4953-9A48-2B2FFD4435B8}.Release|Any CPU.Build.0 = Release|Any CPU
		{E3F1FFDB-6CFD-4E22-9D70-25C8228F5D7C}.Debug|Any CPU.ActiveCfg = Debug|Any CPU
		{E3F1FFDB-6CFD-4E22-9D70-25C8228F5D7C}.Debug|Any CPU.Build.0 = Debug|Any CPU
		{E3F1FFDB-6CFD-4E22-9D70-25C8228F5D7C}.Release|Any CPU.ActiveCfg = Release|Any CPU
		{E3F1FFDB-6CFD-4E22-9D70-25C8228F5D7C}.Release|Any CPU.Build.0 = Release|Any CPU
		{C12DA388-7A2A-41AB-9647-1D0FF6ED8BBF}.Debug|Any CPU.ActiveCfg = Debug|Any CPU
		{C12DA388-7A2A-41AB-9647-1D0FF6ED8BBF}.Debug|Any CPU.Build.0 = Debug|Any CPU
		{C12DA388-7A2A-41AB-9647-1D0FF6ED8BBF}.Release|Any CPU.ActiveCfg = Release|Any CPU
		{C12DA388-7A2A-41AB-9647-1D0FF6ED8BBF}.Release|Any CPU.Build.0 = Release|Any CPU
		{FBA20A74-E0C7-49E9-AC7E-DA1B4C7625E2}.Debug|Any CPU.ActiveCfg = Debug|Any CPU
		{FBA20A74-E0C7-49E9-AC7E-DA1B4C7625E2}.Debug|Any CPU.Build.0 = Debug|Any CPU
		{FBA20A74-E0C7-49E9-AC7E-DA1B4C7625E2}.Release|Any CPU.ActiveCfg = Release|Any CPU
		{FBA20A74-E0C7-49E9-AC7E-DA1B4C7625E2}.Release|Any CPU.Build.0 = Release|Any CPU
		{FB9964D0-97A9-4161-A5FD-A86EBC26BE6A}.Debug|Any CPU.ActiveCfg = Debug|Any CPU
		{FB9964D0-97A9-4161-A5FD-A86EBC26BE6A}.Debug|Any CPU.Build.0 = Debug|Any CPU
		{FB9964D0-97A9-4161-A5FD-A86EBC26BE6A}.Release|Any CPU.ActiveCfg = Release|Any CPU
		{FB9964D0-97A9-4161-A5FD-A86EBC26BE6A}.Release|Any CPU.Build.0 = Release|Any CPU
		{386E89E1-E100-484D-9319-8DA7640676E3}.Debug|Any CPU.ActiveCfg = Debug|Any CPU
		{386E89E1-E100-484D-9319-8DA7640676E3}.Debug|Any CPU.Build.0 = Debug|Any CPU
		{386E89E1-E100-484D-9319-8DA7640676E3}.Release|Any CPU.ActiveCfg = Release|Any CPU
		{386E89E1-E100-484D-9319-8DA7640676E3}.Release|Any CPU.Build.0 = Release|Any CPU
		{384AFB5C-69D5-4FFF-A892-0FAE90C8CF1B}.Debug|Any CPU.ActiveCfg = Debug|Any CPU
		{384AFB5C-69D5-4FFF-A892-0FAE90C8CF1B}.Debug|Any CPU.Build.0 = Debug|Any CPU
		{384AFB5C-69D5-4FFF-A892-0FAE90C8CF1B}.Release|Any CPU.ActiveCfg = Release|Any CPU
		{384AFB5C-69D5-4FFF-A892-0FAE90C8CF1B}.Release|Any CPU.Build.0 = Release|Any CPU
		{1BF47A62-06C9-4D9A-BC0F-29591FCAAF3C}.Debug|Any CPU.ActiveCfg = Debug|Any CPU
		{1BF47A62-06C9-4D9A-BC0F-29591FCAAF3C}.Debug|Any CPU.Build.0 = Debug|Any CPU
		{1BF47A62-06C9-4D9A-BC0F-29591FCAAF3C}.Release|Any CPU.ActiveCfg = Release|Any CPU
		{1BF47A62-06C9-4D9A-BC0F-29591FCAAF3C}.Release|Any CPU.Build.0 = Release|Any CPU
		{90E8DCB6-72C2-4027-B3D9-07BFA0F4FFB7}.Debug|Any CPU.ActiveCfg = Debug|Any CPU
		{90E8DCB6-72C2-4027-B3D9-07BFA0F4FFB7}.Debug|Any CPU.Build.0 = Debug|Any CPU
		{90E8DCB6-72C2-4027-B3D9-07BFA0F4FFB7}.Release|Any CPU.ActiveCfg = Release|Any CPU
		{90E8DCB6-72C2-4027-B3D9-07BFA0F4FFB7}.Release|Any CPU.Build.0 = Release|Any CPU
		{45755467-8A1D-409A-BF31-F82D10C68C6E}.Debug|Any CPU.ActiveCfg = Debug|Any CPU
		{45755467-8A1D-409A-BF31-F82D10C68C6E}.Debug|Any CPU.Build.0 = Debug|Any CPU
		{45755467-8A1D-409A-BF31-F82D10C68C6E}.Release|Any CPU.ActiveCfg = Release|Any CPU
		{45755467-8A1D-409A-BF31-F82D10C68C6E}.Release|Any CPU.Build.0 = Release|Any CPU
	EndGlobalSection
	GlobalSection(SolutionProperties) = preSolution
		HideSolutionNode = FALSE
	EndGlobalSection
	GlobalSection(NestedProjects) = preSolution
		{AB168F93-5260-4A16-BE59-598E3E09DF06} = {0E683C2F-04E7-4A0A-8DAA-6C73BCB449FA}
		{B830E31D-7101-4F99-BF42-1FF976659D09} = {AB168F93-5260-4A16-BE59-598E3E09DF06}
		{6E6D2EC4-A40D-4312-BCA2-9BC08B51085B} = {AB168F93-5260-4A16-BE59-598E3E09DF06}
		{015C61D7-93C4-4689-A952-C13322166086} = {AB168F93-5260-4A16-BE59-598E3E09DF06}
		{ACE657F4-A661-4C21-8DC7-1B8E5139FD00} = {AB168F93-5260-4A16-BE59-598E3E09DF06}
		{929E128A-827B-4DE1-82AF-9B797BF801B2} = {AB168F93-5260-4A16-BE59-598E3E09DF06}
		{433723CC-6F7D-4C79-BE4F-B98D1B5A27E7} = {6E6D2EC4-A40D-4312-BCA2-9BC08B51085B}
		{D5496E30-F436-451D-BFAB-FD24B7ABEFB2} = {6E6D2EC4-A40D-4312-BCA2-9BC08B51085B}
		{B1AA3C14-05AC-41DC-B01A-112437915F68} = {AB168F93-5260-4A16-BE59-598E3E09DF06}
		{C96E335B-6640-4D1D-9358-DCE9EC43F169} = {8240E754-F982-4B71-B156-8AB14A6415BC}
		{28DBD25A-F943-4441-8EB3-ABFF713E1D6E} = {0E683C2F-04E7-4A0A-8DAA-6C73BCB449FA}
		{66D5592D-F4FA-4B14-AC42-16AAD063EE0C} = {D4BDCFA9-1B0D-49F6-BFFF-E90BC0781417}
		{8E8F1A55-B3C6-4A46-93A1-51E2F7514A24} = {D4BDCFA9-1B0D-49F6-BFFF-E90BC0781417}
		{8324441C-B0E1-465A-9026-391CDAF8FF03} = {AB168F93-5260-4A16-BE59-598E3E09DF06}
		{92B88191-636E-4822-9D21-9A77EB777621} = {28DBD25A-F943-4441-8EB3-ABFF713E1D6E}
		{0148A916-4A7F-4DB7-9CED-8B5AD355037E} = {28DBD25A-F943-4441-8EB3-ABFF713E1D6E}
		{3AD0D956-0458-4953-9A48-2B2FFD4435B8} = {92B88191-636E-4822-9D21-9A77EB777621}
		{E3F1FFDB-6CFD-4E22-9D70-25C8228F5D7C} = {92B88191-636E-4822-9D21-9A77EB777621}
		{C12DA388-7A2A-41AB-9647-1D0FF6ED8BBF} = {28DBD25A-F943-4441-8EB3-ABFF713E1D6E}
		{FBA20A74-E0C7-49E9-AC7E-DA1B4C7625E2} = {28DBD25A-F943-4441-8EB3-ABFF713E1D6E}
		{FB9964D0-97A9-4161-A5FD-A86EBC26BE6A} = {28DBD25A-F943-4441-8EB3-ABFF713E1D6E}
		{386E89E1-E100-484D-9319-8DA7640676E3} = {28DBD25A-F943-4441-8EB3-ABFF713E1D6E}
		{384AFB5C-69D5-4FFF-A892-0FAE90C8CF1B} = {28DBD25A-F943-4441-8EB3-ABFF713E1D6E}
		{1BF47A62-06C9-4D9A-BC0F-29591FCAAF3C} = {8240E754-F982-4B71-B156-8AB14A6415BC}
		{363AD0A0-240D-46A4-9CC2-522AA3A9105E} = {8240E754-F982-4B71-B156-8AB14A6415BC}
		{90E8DCB6-72C2-4027-B3D9-07BFA0F4FFB7} = {363AD0A0-240D-46A4-9CC2-522AA3A9105E}
		{0F793592-51AD-40A3-A3F8-3D27098DDA5E} = {8240E754-F982-4B71-B156-8AB14A6415BC}
		{45755467-8A1D-409A-BF31-F82D10C68C6E} = {8240E754-F982-4B71-B156-8AB14A6415BC}
	EndGlobalSection
	GlobalSection(ExtensibilityGlobals) = postSolution
		SolutionGuid = {4A506444-BFA7-4EFF-8C64-A1A451119966}
	EndGlobalSection
EndGlobal
