
Microsoft Visual Studio Solution File, Format Version 12.00
# Visual Studio Version 17
VisualStudioVersion = 17.5.002.0
MinimumVisualStudioVersion = 10.0.40219.1
Project("{9A19103F-16F7-4668-BE54-9A1E7A4F7556}") = "Organization.Application", "Organization.Application\Organization.Application.csproj", "{61774642-5488-488E-A599-E7CF37A33DA7}"
EndProject
Project("{9A19103F-16F7-4668-BE54-9A1E7A4F7556}") = "Organization.Application.Contracts", "Organization.Application.Contracts\Organization.Application.Contracts.csproj", "{044F286F-5A69-4C42-AB88-FE81ABCDCAF4}"
EndProject
Project("{9A19103F-16F7-4668-BE54-9A1E7A4F7556}") = "Organization.Domain", "Organization.Domain\Organization.Domain.csproj", "{FAF60BD7-CC25-4992-9A96-904F10D8EDD1}"
EndProject
Project("{9A19103F-16F7-4668-BE54-9A1E7A4F7556}") = "Organization.Infrastructure", "Organization.Infrastructure\Organization.Infrastructure.csproj", "{7DEACA5B-E4B1-47F8-BF27-10D5657FAFC9}"
EndProject
Project("{9A19103F-16F7-4668-BE54-9A1E7A4F7556}") = "Organization.IntegrationTests", "Organization.IntegrationTests\Organization.IntegrationTests.csproj", "{DD034DDC-D4A5-4733-A322-A5956051E880}"
EndProject
Project("{9A19103F-16F7-4668-BE54-9A1E7A4F7556}") = "Organization.Presentation", "Organization.Presentation\Organization.Presentation.csproj", "{8F195768-85D9-46B7-90B6-873B0213FC17}"
EndProject
Project("{9A19103F-16F7-4668-BE54-9A1E7A4F7556}") = "Organization.UnitTests", "Organization.UnitTests\Organization.UnitTests.csproj", "{F3FD4AFF-139F-45B0-8DA5-AEC7CE5FF694}"
EndProject
Global
	GlobalSection(SolutionConfigurationPlatforms) = preSolution
		Debug|Any CPU = Debug|Any CPU
		Release|Any CPU = Release|Any CPU
	EndGlobalSection
	GlobalSection(ProjectConfigurationPlatforms) = postSolution
		{61774642-5488-488E-A599-E7CF37A33DA7}.Debug|Any CPU.ActiveCfg = Debug|Any CPU
		{61774642-5488-488E-A599-E7CF37A33DA7}.Debug|Any CPU.Build.0 = Debug|Any CPU
		{61774642-5488-488E-A599-E7CF37A33DA7}.Release|Any CPU.ActiveCfg = Release|Any CPU
		{61774642-5488-488E-A599-E7CF37A33DA7}.Release|Any CPU.Build.0 = Release|Any CPU
		{044F286F-5A69-4C42-AB88-FE81ABCDCAF4}.Debug|Any CPU.ActiveCfg = Debug|Any CPU
		{044F286F-5A69-4C42-AB88-FE81ABCDCAF4}.Debug|Any CPU.Build.0 = Debug|Any CPU
		{044F286F-5A69-4C42-AB88-FE81ABCDCAF4}.Release|Any CPU.ActiveCfg = Release|Any CPU
		{044F286F-5A69-4C42-AB88-FE81ABCDCAF4}.Release|Any CPU.Build.0 = Release|Any CPU
		{FAF60BD7-CC25-4992-9A96-904F10D8EDD1}.Debug|Any CPU.ActiveCfg = Debug|Any CPU
		{FAF60BD7-CC25-4992-9A96-904F10D8EDD1}.Debug|Any CPU.Build.0 = Debug|Any CPU
		{FAF60BD7-CC25-4992-9A96-904F10D8EDD1}.Release|Any CPU.ActiveCfg = Release|Any CPU
		{FAF60BD7-CC25-4992-9A96-904F10D8EDD1}.Release|Any CPU.Build.0 = Release|Any CPU
		{7DEACA5B-E4B1-47F8-BF27-10D5657FAFC9}.Debug|Any CPU.ActiveCfg = Debug|Any CPU
		{7DEACA5B-E4B1-47F8-BF27-10D5657FAFC9}.Debug|Any CPU.Build.0 = Debug|Any CPU
		{7DEACA5B-E4B1-47F8-BF27-10D5657FAFC9}.Release|Any CPU.ActiveCfg = Release|Any CPU
		{7DEACA5B-E4B1-47F8-BF27-10D5657FAFC9}.Release|Any CPU.Build.0 = Release|Any CPU
		{DD034DDC-D4A5-4733-A322-A5956051E880}.Debug|Any CPU.ActiveCfg = Debug|Any CPU
		{DD034DDC-D4A5-4733-A322-A5956051E880}.Debug|Any CPU.Build.0 = Debug|Any CPU
		{DD034DDC-D4A5-4733-A322-A5956051E880}.Release|Any CPU.ActiveCfg = Release|Any CPU
		{DD034DDC-D4A5-4733-A322-A5956051E880}.Release|Any CPU.Build.0 = Release|Any CPU
		{8F195768-85D9-46B7-90B6-873B0213FC17}.Debug|Any CPU.ActiveCfg = Debug|Any CPU
		{8F195768-85D9-46B7-90B6-873B0213FC17}.Debug|Any CPU.Build.0 = Debug|Any CPU
		{8F195768-85D9-46B7-90B6-873B0213FC17}.Release|Any CPU.ActiveCfg = Release|Any CPU
		{8F195768-85D9-46B7-90B6-873B0213FC17}.Release|Any CPU.Build.0 = Release|Any CPU
		{F3FD4AFF-139F-45B0-8DA5-AEC7CE5FF694}.Debug|Any CPU.ActiveCfg = Debug|Any CPU
		{F3FD4AFF-139F-45B0-8DA5-AEC7CE5FF694}.Debug|Any CPU.Build.0 = Debug|Any CPU
		{F3FD4AFF-139F-45B0-8DA5-AEC7CE5FF694}.Release|Any CPU.ActiveCfg = Release|Any CPU
		{F3FD4AFF-139F-45B0-8DA5-AEC7CE5FF694}.Release|Any CPU.Build.0 = Release|Any CPU
	EndGlobalSection
	GlobalSection(SolutionProperties) = preSolution
		HideSolutionNode = FALSE
	EndGlobalSection
	GlobalSection(ExtensibilityGlobals) = postSolution
		SolutionGuid = {0C35B4E8-B3D2-4DEC-9078-FE45DC377230}
	EndGlobalSection
EndGlobal
